
Microsoft Visual Studio Solution File, Format Version 12.00
# Visual Studio Version 17
VisualStudioVersion = 17.0.32112.339
MinimumVisualStudioVersion = 10.0.40219.1
Project("{9A19103F-16F7-4668-BE54-9A1E7A4F7556}") = "GSL", "GSL.csproj", "{A58F224B-B964-4F4E-8825-72EBB8CC548D}"
EndProject
Project("{2150E333-8FDC-42A3-9474-1A3956D46DE8}") = "01 - Services", "01 - Services", "{315CC39B-97DF-4D0E-A3E3-485AFCD76B31}"
EndProject
Project("{2150E333-8FDC-42A3-9474-1A3956D46DE8}") = "02 - Application", "02 - Application", "{D88D7958-14DC-417A-9539-D7A7EF0FB990}"
EndProject
Project("{2150E333-8FDC-42A3-9474-1A3956D46DE8}") = "03 - Domain", "03 - Domain", "{E1B291BC-D361-4C3A-8282-75421AF8D7F3}"
EndProject
Project("{2150E333-8FDC-42A3-9474-1A3956D46DE8}") = "04 - Infra", "04 - Infra", "{AC936E6A-954C-48DC-B2FC-BED7CC59AF93}"
EndProject
Project("{2150E333-8FDC-42A3-9474-1A3956D46DE8}") = "05 - Tests", "05 - Tests", "{74B3D731-0CC4-4197-AF06-B06072B8BB24}"
EndProject
Project("{9A19103F-16F7-4668-BE54-9A1E7A4F7556}") = "GSL.Domain", "..\GSL.Domain\GSL.Domain.csproj", "{30E33143-D93C-4277-8ED6-05300A97487D}"
EndProject
Project("{9A19103F-16F7-4668-BE54-9A1E7A4F7556}") = "GSL.Application", "..\GSL.Application\GSL.Application.csproj", "{4AE064CE-D5AD-4730-92FF-10CB15B08B62}"
EndProject
Project("{2150E333-8FDC-42A3-9474-1A3956D46DE8}") = "4.1 - Data", "4.1 - Data", "{00BED596-765C-4F3E-9307-031B9CD066DA}"
EndProject
Project("{2150E333-8FDC-42A3-9474-1A3956D46DE8}") = "4.2 - CrossCutting", "4.2 - CrossCutting", "{B8FF0F2E-0A00-42A2-8D0B-3B325DBC8A14}"
EndProject
Project("{9A19103F-16F7-4668-BE54-9A1E7A4F7556}") = "GSL.Infra.Data", "..\GSL.Infra.Data\GSL.Infra.Data.csproj", "{8D8F23D2-9529-4C29-8C5A-1BA6B9D616F9}"
EndProject
Project("{9A19103F-16F7-4668-BE54-9A1E7A4F7556}") = "GSL.Infra.IoC", "..\GSL.Infra.IoC\GSL.Infra.IoC.csproj", "{8CF3DADD-70E7-4625-8C7F-DA36AC18E873}"
EndProject
Project("{FAE04EC0-301F-11D3-BF4B-00C04F79EFBC}") = "GSL.Infra.Helper", "..\GSL.Infra.Helper\GSL.Infra.Helper.csproj", "{B2AD1B0A-5450-4FEE-8FD4-E57356A54790}"
EndProject
Project("{FAE04EC0-301F-11D3-BF4B-00C04F79EFBC}") = "GSL.Tests", "..\GSL.Tests\GSL.Tests.csproj", "{3F01C47C-490F-4635-9F15-0C58CDF8AEA8}"
EndProject
Global
	GlobalSection(SolutionConfigurationPlatforms) = preSolution
		Debug|Any CPU = Debug|Any CPU
		Release|Any CPU = Release|Any CPU
	EndGlobalSection
	GlobalSection(ProjectConfigurationPlatforms) = postSolution
		{A58F224B-B964-4F4E-8825-72EBB8CC548D}.Debug|Any CPU.ActiveCfg = Debug|Any CPU
		{A58F224B-B964-4F4E-8825-72EBB8CC548D}.Debug|Any CPU.Build.0 = Debug|Any CPU
		{A58F224B-B964-4F4E-8825-72EBB8CC548D}.Release|Any CPU.ActiveCfg = Release|Any CPU
		{A58F224B-B964-4F4E-8825-72EBB8CC548D}.Release|Any CPU.Build.0 = Release|Any CPU
		{30E33143-D93C-4277-8ED6-05300A97487D}.Debug|Any CPU.ActiveCfg = Debug|Any CPU
		{30E33143-D93C-4277-8ED6-05300A97487D}.Debug|Any CPU.Build.0 = Debug|Any CPU
		{30E33143-D93C-4277-8ED6-05300A97487D}.Release|Any CPU.ActiveCfg = Release|Any CPU
		{30E33143-D93C-4277-8ED6-05300A97487D}.Release|Any CPU.Build.0 = Release|Any CPU
		{4AE064CE-D5AD-4730-92FF-10CB15B08B62}.Debug|Any CPU.ActiveCfg = Debug|Any CPU
		{4AE064CE-D5AD-4730-92FF-10CB15B08B62}.Debug|Any CPU.Build.0 = Debug|Any CPU
		{4AE064CE-D5AD-4730-92FF-10CB15B08B62}.Release|Any CPU.ActiveCfg = Release|Any CPU
		{4AE064CE-D5AD-4730-92FF-10CB15B08B62}.Release|Any CPU.Build.0 = Release|Any CPU
		{8D8F23D2-9529-4C29-8C5A-1BA6B9D616F9}.Debug|Any CPU.ActiveCfg = Debug|Any CPU
		{8D8F23D2-9529-4C29-8C5A-1BA6B9D616F9}.Debug|Any CPU.Build.0 = Debug|Any CPU
		{8D8F23D2-9529-4C29-8C5A-1BA6B9D616F9}.Release|Any CPU.ActiveCfg = Release|Any CPU
		{8D8F23D2-9529-4C29-8C5A-1BA6B9D616F9}.Release|Any CPU.Build.0 = Release|Any CPU
		{8CF3DADD-70E7-4625-8C7F-DA36AC18E873}.Debug|Any CPU.ActiveCfg = Debug|Any CPU
		{8CF3DADD-70E7-4625-8C7F-DA36AC18E873}.Debug|Any CPU.Build.0 = Debug|Any CPU
		{8CF3DADD-70E7-4625-8C7F-DA36AC18E873}.Release|Any CPU.ActiveCfg = Release|Any CPU
		{8CF3DADD-70E7-4625-8C7F-DA36AC18E873}.Release|Any CPU.Build.0 = Release|Any CPU
		{B2AD1B0A-5450-4FEE-8FD4-E57356A54790}.Debug|Any CPU.ActiveCfg = Debug|Any CPU
		{B2AD1B0A-5450-4FEE-8FD4-E57356A54790}.Debug|Any CPU.Build.0 = Debug|Any CPU
		{B2AD1B0A-5450-4FEE-8FD4-E57356A54790}.Release|Any CPU.ActiveCfg = Release|Any CPU
		{B2AD1B0A-5450-4FEE-8FD4-E57356A54790}.Release|Any CPU.Build.0 = Release|Any CPU
		{3F01C47C-490F-4635-9F15-0C58CDF8AEA8}.Debug|Any CPU.ActiveCfg = Debug|Any CPU
		{3F01C47C-490F-4635-9F15-0C58CDF8AEA8}.Debug|Any CPU.Build.0 = Debug|Any CPU
		{3F01C47C-490F-4635-9F15-0C58CDF8AEA8}.Release|Any CPU.ActiveCfg = Release|Any CPU
		{3F01C47C-490F-4635-9F15-0C58CDF8AEA8}.Release|Any CPU.Build.0 = Release|Any CPU
	EndGlobalSection
	GlobalSection(SolutionProperties) = preSolution
		HideSolutionNode = FALSE
	EndGlobalSection
	GlobalSection(NestedProjects) = preSolution
		{A58F224B-B964-4F4E-8825-72EBB8CC548D} = {315CC39B-97DF-4D0E-A3E3-485AFCD76B31}
		{30E33143-D93C-4277-8ED6-05300A97487D} = {E1B291BC-D361-4C3A-8282-75421AF8D7F3}
		{4AE064CE-D5AD-4730-92FF-10CB15B08B62} = {D88D7958-14DC-417A-9539-D7A7EF0FB990}
		{00BED596-765C-4F3E-9307-031B9CD066DA} = {AC936E6A-954C-48DC-B2FC-BED7CC59AF93}
		{B8FF0F2E-0A00-42A2-8D0B-3B325DBC8A14} = {AC936E6A-954C-48DC-B2FC-BED7CC59AF93}
		{8D8F23D2-9529-4C29-8C5A-1BA6B9D616F9} = {00BED596-765C-4F3E-9307-031B9CD066DA}
		{8CF3DADD-70E7-4625-8C7F-DA36AC18E873} = {B8FF0F2E-0A00-42A2-8D0B-3B325DBC8A14}
		{B2AD1B0A-5450-4FEE-8FD4-E57356A54790} = {B8FF0F2E-0A00-42A2-8D0B-3B325DBC8A14}
		{3F01C47C-490F-4635-9F15-0C58CDF8AEA8} = {74B3D731-0CC4-4197-AF06-B06072B8BB24}
	EndGlobalSection
	GlobalSection(ExtensibilityGlobals) = postSolution
		SolutionGuid = {CF838F43-DAA2-4B76-8E12-CA3D2E654888}
	EndGlobalSection
EndGlobal
